
Microsoft Visual Studio Solution File, Format Version 12.00
# Visual Studio Version 17
VisualStudioVersion = 17.8.34601.278
MinimumVisualStudioVersion = 10.0.40219.1
Project("{2150E333-8FDC-42A3-9474-1A3956D46DE8}") = "01_Backend", "01_Backend", "{7B939561-F18B-4F54-84EE-5030CACBF605}"
EndProject
Project("{2150E333-8FDC-42A3-9474-1A3956D46DE8}") = "02_Frontend", "02_Frontend", "{E3FFEC1A-777F-4F4C-881C-30550295CF1D}"
EndProject
Project("{2150E333-8FDC-42A3-9474-1A3956D46DE8}") = "03_Common", "03_Common", "{75D5E841-68FB-4705-BA33-615C178334F5}"
EndProject
Project("{9A19103F-16F7-4668-BE54-9A1E7A4F7556}") = "PublicTools", "PublicTools\PublicTools.csproj", "{DBDD46D4-088B-48B4-8638-118774566577}"
EndProject
Project("{9A19103F-16F7-4668-BE54-9A1E7A4F7556}") = "ResponseFramework", "ResponseFramework\ResponseFramework.csproj", "{1938A2E3-2125-4182-9C38-C2E0C4336571}"
EndProject
Project("{9A19103F-16F7-4668-BE54-9A1E7A4F7556}") = "OnlineShop.Backoffice", "OnlineShop.Backoffice\OnlineShop.Backoffice.csproj", "{BB75F5E6-F2D7-4645-BEAF-1F2A902B86A8}"
EndProject
Project("{9A19103F-16F7-4668-BE54-9A1E7A4F7556}") = "OnlineShop.Office", "OnlineShop.Office\OnlineShop.Office.csproj", "{69EB58E4-1FD9-409D-A9AB-6FDAB97569E9}"
EndProject
Project("{2150E333-8FDC-42A3-9474-1A3956D46DE8}") = "01_Endpoint", "01_Endpoint", "{DB3B4E90-591B-4E17-B256-062BD6CD5D20}"
EndProject
Project("{2150E333-8FDC-42A3-9474-1A3956D46DE8}") = "02_Application", "02_Application", "{EF85BE1A-9197-45A3-875E-0BCC2263C1CA}"
EndProject
Project("{2150E333-8FDC-42A3-9474-1A3956D46DE8}") = "03_Domain", "03_Domain", "{BE82C1D9-F21E-4FB7-B228-19DF53DC57B7}"
EndProject
Project("{2150E333-8FDC-42A3-9474-1A3956D46DE8}") = "04_Infrastructure", "04_Infrastructure", "{F1EFB0F7-2307-47FA-8A6E-331397A8A97E}"
EndProject
Project("{9A19103F-16F7-4668-BE54-9A1E7A4F7556}") = "OnlineShop.Domain", "OnlineShop.Domain\OnlineShop.Domain.csproj", "{CBF0E0A4-9D3F-4DB2-9C3B-D37DDCB7AF56}"
EndProject
Project("{9A19103F-16F7-4668-BE54-9A1E7A4F7556}") = "OnlineShop.Application", "OnlineShop.Application\OnlineShop.Application.csproj", "{E025D5BC-C096-49A8-A0EC-3D5AE318976B}"
EndProject
Project("{9A19103F-16F7-4668-BE54-9A1E7A4F7556}") = "OnlineShop.Backoffice.WebApiEndpoint", "OnlineShop.Backoffice.WebApiEndpoint\OnlineShop.Backoffice.WebApiEndpoint.csproj", "{33C431C7-1F60-4B49-86A4-35C01002FFDE}"
EndProject
Project("{9A19103F-16F7-4668-BE54-9A1E7A4F7556}") = "OnlineShop.Office.WebApiEndpoint", "OnlineShop.Office.WebApiEndpoint\OnlineShop.Office.WebApiEndpoint.csproj", "{B71443C3-16E6-4D13-8DEC-C773728B64DD}"
EndProject
Project("{9A19103F-16F7-4668-BE54-9A1E7A4F7556}") = "OnlineShop.EFCore", "OnlineShop.EFCore\OnlineShop.EFCore.csproj", "{5E0EB5BC-7749-48C8-8199-F40932B76DF6}"
EndProject
Project("{9A19103F-16F7-4668-BE54-9A1E7A4F7556}") = "OnlineShop.RepositoryDesignPattern", "OnlineShop.RepositoryDesignPattern\OnlineShop.RepositoryDesignPattern.csproj", "{B7DE9D6E-F636-49E7-81A3-5FDB78D2157E}"
EndProject
Global
	GlobalSection(SolutionConfigurationPlatforms) = preSolution
		Debug|Any CPU = Debug|Any CPU
		Release|Any CPU = Release|Any CPU
	EndGlobalSection
	GlobalSection(ProjectConfigurationPlatforms) = postSolution
		{DBDD46D4-088B-48B4-8638-118774566577}.Debug|Any CPU.ActiveCfg = Debug|Any CPU
		{DBDD46D4-088B-48B4-8638-118774566577}.Debug|Any CPU.Build.0 = Debug|Any CPU
		{DBDD46D4-088B-48B4-8638-118774566577}.Release|Any CPU.ActiveCfg = Release|Any CPU
		{DBDD46D4-088B-48B4-8638-118774566577}.Release|Any CPU.Build.0 = Release|Any CPU
		{1938A2E3-2125-4182-9C38-C2E0C4336571}.Debug|Any CPU.ActiveCfg = Debug|Any CPU
		{1938A2E3-2125-4182-9C38-C2E0C4336571}.Debug|Any CPU.Build.0 = Debug|Any CPU
		{1938A2E3-2125-4182-9C38-C2E0C4336571}.Release|Any CPU.ActiveCfg = Release|Any CPU
		{1938A2E3-2125-4182-9C38-C2E0C4336571}.Release|Any CPU.Build.0 = Release|Any CPU
		{BB75F5E6-F2D7-4645-BEAF-1F2A902B86A8}.Debug|Any CPU.ActiveCfg = Debug|Any CPU
		{BB75F5E6-F2D7-4645-BEAF-1F2A902B86A8}.Debug|Any CPU.Build.0 = Debug|Any CPU
		{BB75F5E6-F2D7-4645-BEAF-1F2A902B86A8}.Release|Any CPU.ActiveCfg = Release|Any CPU
		{BB75F5E6-F2D7-4645-BEAF-1F2A902B86A8}.Release|Any CPU.Build.0 = Release|Any CPU
		{69EB58E4-1FD9-409D-A9AB-6FDAB97569E9}.Debug|Any CPU.ActiveCfg = Debug|Any CPU
		{69EB58E4-1FD9-409D-A9AB-6FDAB97569E9}.Debug|Any CPU.Build.0 = Debug|Any CPU
		{69EB58E4-1FD9-409D-A9AB-6FDAB97569E9}.Release|Any CPU.ActiveCfg = Release|Any CPU
		{69EB58E4-1FD9-409D-A9AB-6FDAB97569E9}.Release|Any CPU.Build.0 = Release|Any CPU
		{CBF0E0A4-9D3F-4DB2-9C3B-D37DDCB7AF56}.Debug|Any CPU.ActiveCfg = Debug|Any CPU
		{CBF0E0A4-9D3F-4DB2-9C3B-D37DDCB7AF56}.Debug|Any CPU.Build.0 = Debug|Any CPU
		{CBF0E0A4-9D3F-4DB2-9C3B-D37DDCB7AF56}.Release|Any CPU.ActiveCfg = Release|Any CPU
		{CBF0E0A4-9D3F-4DB2-9C3B-D37DDCB7AF56}.Release|Any CPU.Build.0 = Release|Any CPU
		{E025D5BC-C096-49A8-A0EC-3D5AE318976B}.Debug|Any CPU.ActiveCfg = Debug|Any CPU
		{E025D5BC-C096-49A8-A0EC-3D5AE318976B}.Debug|Any CPU.Build.0 = Debug|Any CPU
		{E025D5BC-C096-49A8-A0EC-3D5AE318976B}.Release|Any CPU.ActiveCfg = Release|Any CPU
		{E025D5BC-C096-49A8-A0EC-3D5AE318976B}.Release|Any CPU.Build.0 = Release|Any CPU
		{33C431C7-1F60-4B49-86A4-35C01002FFDE}.Debug|Any CPU.ActiveCfg = Debug|Any CPU
		{33C431C7-1F60-4B49-86A4-35C01002FFDE}.Debug|Any CPU.Build.0 = Debug|Any CPU
		{33C431C7-1F60-4B49-86A4-35C01002FFDE}.Release|Any CPU.ActiveCfg = Release|Any CPU
		{33C431C7-1F60-4B49-86A4-35C01002FFDE}.Release|Any CPU.Build.0 = Release|Any CPU
		{B71443C3-16E6-4D13-8DEC-C773728B64DD}.Debug|Any CPU.ActiveCfg = Debug|Any CPU
		{B71443C3-16E6-4D13-8DEC-C773728B64DD}.Debug|Any CPU.Build.0 = Debug|Any CPU
		{B71443C3-16E6-4D13-8DEC-C773728B64DD}.Release|Any CPU.ActiveCfg = Release|Any CPU
		{B71443C3-16E6-4D13-8DEC-C773728B64DD}.Release|Any CPU.Build.0 = Release|Any CPU
		{5E0EB5BC-7749-48C8-8199-F40932B76DF6}.Debug|Any CPU.ActiveCfg = Debug|Any CPU
		{5E0EB5BC-7749-48C8-8199-F40932B76DF6}.Debug|Any CPU.Build.0 = Debug|Any CPU
		{5E0EB5BC-7749-48C8-8199-F40932B76DF6}.Release|Any CPU.ActiveCfg = Release|Any CPU
		{5E0EB5BC-7749-48C8-8199-F40932B76DF6}.Release|Any CPU.Build.0 = Release|Any CPU
		{B7DE9D6E-F636-49E7-81A3-5FDB78D2157E}.Debug|Any CPU.ActiveCfg = Debug|Any CPU
		{B7DE9D6E-F636-49E7-81A3-5FDB78D2157E}.Debug|Any CPU.Build.0 = Debug|Any CPU
		{B7DE9D6E-F636-49E7-81A3-5FDB78D2157E}.Release|Any CPU.ActiveCfg = Release|Any CPU
		{B7DE9D6E-F636-49E7-81A3-5FDB78D2157E}.Release|Any CPU.Build.0 = Release|Any CPU
	EndGlobalSection
	GlobalSection(SolutionProperties) = preSolution
		HideSolutionNode = FALSE
	EndGlobalSection
	GlobalSection(NestedProjects) = preSolution
		{DBDD46D4-088B-48B4-8638-118774566577} = {75D5E841-68FB-4705-BA33-615C178334F5}
		{1938A2E3-2125-4182-9C38-C2E0C4336571} = {75D5E841-68FB-4705-BA33-615C178334F5}
		{BB75F5E6-F2D7-4645-BEAF-1F2A902B86A8} = {E3FFEC1A-777F-4F4C-881C-30550295CF1D}
		{69EB58E4-1FD9-409D-A9AB-6FDAB97569E9} = {E3FFEC1A-777F-4F4C-881C-30550295CF1D}
		{DB3B4E90-591B-4E17-B256-062BD6CD5D20} = {7B939561-F18B-4F54-84EE-5030CACBF605}
		{EF85BE1A-9197-45A3-875E-0BCC2263C1CA} = {7B939561-F18B-4F54-84EE-5030CACBF605}
		{BE82C1D9-F21E-4FB7-B228-19DF53DC57B7} = {7B939561-F18B-4F54-84EE-5030CACBF605}
		{F1EFB0F7-2307-47FA-8A6E-331397A8A97E} = {7B939561-F18B-4F54-84EE-5030CACBF605}
		{CBF0E0A4-9D3F-4DB2-9C3B-D37DDCB7AF56} = {BE82C1D9-F21E-4FB7-B228-19DF53DC57B7}
		{E025D5BC-C096-49A8-A0EC-3D5AE318976B} = {EF85BE1A-9197-45A3-875E-0BCC2263C1CA}
		{33C431C7-1F60-4B49-86A4-35C01002FFDE} = {DB3B4E90-591B-4E17-B256-062BD6CD5D20}
		{B71443C3-16E6-4D13-8DEC-C773728B64DD} = {DB3B4E90-591B-4E17-B256-062BD6CD5D20}
		{5E0EB5BC-7749-48C8-8199-F40932B76DF6} = {F1EFB0F7-2307-47FA-8A6E-331397A8A97E}
		{B7DE9D6E-F636-49E7-81A3-5FDB78D2157E} = {F1EFB0F7-2307-47FA-8A6E-331397A8A97E}
	EndGlobalSection
	GlobalSection(ExtensibilityGlobals) = postSolution
		SolutionGuid = {3E0880E7-AC5C-4263-B116-0AB409B50ACB}
	EndGlobalSection
EndGlobal
